
Microsoft Visual Studio Solution File, Format Version 12.00
# Visual Studio Version 16
VisualStudioVersion = 16.0.33927.289
MinimumVisualStudioVersion = 10.0.40219.1
Project("{2150E333-8FDC-42A3-9474-1A3956D46DE8}") = "Task0", "Task0", "{314E7CF4-CAB9-4DA6-9BEF-CEFF42DAB323}"
EndProject
Project("{FAE04EC0-301F-11D3-BF4B-00C04F79EFBC}") = "Tyuiu.GornovTA.Sprint1.Task0.V8", "Tyuiu.GornovTA.Sprint1.Task0.V0\Tyuiu.GornovTA.Sprint1.Task0.V8.csproj", "{CBC6B2C8-6EDB-4CEB-97E9-B835279E700F}"
EndProject
Project("{FAE04EC0-301F-11D3-BF4B-00C04F79EFBC}") = "Tyuiu.GornovTA.Sprint1.Task0.V8.Lib", "Tyuiu.GornovTA.Sprint1.Task0.V0.Lib\Tyuiu.GornovTA.Sprint1.Task0.V8.Lib.csproj", "{524F39DF-7832-42A2-82FC-1F7203357FC2}"
EndProject
Project("{FAE04EC0-301F-11D3-BF4B-00C04F79EFBC}") = "Tyuiu.GornovTA.Sprint1.Task0.V8.Test", "Tyuiu.GornovTA.Sprint1.Task0.V0.Test\Tyuiu.GornovTA.Sprint1.Task0.V8.Test.csproj", "{91AEE3E4-AAA6-480F-9791-6545B74EB8AC}"
EndProject
Project("{2150E333-8FDC-42A3-9474-1A3956D46DE8}") = "Task1", "Task1", "{CF643320-9AFE-4A10-AC89-E43711993326}"
EndProject
Project("{FAE04EC0-301F-11D3-BF4B-00C04F79EFBC}") = "Tyuiu.GornovTA.Sprint1.Task1.V17", "Tyuiu.GornovTA.Sprint1.Task1.V17\Tyuiu.GornovTA.Sprint1.Task1.V17.csproj", "{1D3C3F84-0863-4C48-AC30-602A7C9BD29D}"
EndProject
Project("{FAE04EC0-301F-11D3-BF4B-00C04F79EFBC}") = "Tyuiu.GornovTA.Sprint1.Task1.V17.Test", "Tyuiu.GornovTA.Sprint1.Task1.V17.Test\Tyuiu.GornovTA.Sprint1.Task1.V17.Test.csproj", "{3CE52D44-04F0-48F2-A327-94D03E2569E1}"
EndProject
Project("{FAE04EC0-301F-11D3-BF4B-00C04F79EFBC}") = "Tyuiu.GornovTA.Sprint1.Task1.V17.Lib", "Tyuiu.GornovTA.Sprint1.Task1.V17.Lib\Tyuiu.GornovTA.Sprint1.Task1.V17.Lib.csproj", "{C8641225-4CA2-476A-8F38-24990EA5F562}"
EndProject
Project("{2150E333-8FDC-42A3-9474-1A3956D46DE8}") = "Task2", "Task2", "{D01C86DD-36CC-44B1-9D57-26D02DF73727}"
EndProject
Project("{FAE04EC0-301F-11D3-BF4B-00C04F79EFBC}") = "Tyuiu.GornovTA.Sprint1.Task2.V16", "Tyuiu.GornovTA.Sprint1.Task2.V16\Tyuiu.GornovTA.Sprint1.Task2.V16.csproj", "{FE543786-1DA5-4D37-A5A8-5614F94BA020}"
EndProject
Project("{FAE04EC0-301F-11D3-BF4B-00C04F79EFBC}") = "Tyuiu.GornovTA.Sprint1.Task2.V16.Test", "Tyuiu.GornovTA.Sprint1.Task2.V16.Test\Tyuiu.GornovTA.Sprint1.Task2.V16.Test.csproj", "{B11ADE7D-BD63-43A7-84D7-87FC5C155523}"
EndProject
Project("{FAE04EC0-301F-11D3-BF4B-00C04F79EFBC}") = "Tyuiu.GornovTA.Sprint1.Task2.V16.Lib", "Tyuiu.GornovTA.Sprint1.Task2.V16.Lib\Tyuiu.GornovTA.Sprint1.Task2.V16.Lib.csproj", "{8C27F706-51B8-48C9-A60F-6A7544C6C3A6}"
EndProject
Project("{2150E333-8FDC-42A3-9474-1A3956D46DE8}") = "Task3", "Task3", "{E2B6F25E-0E67-447F-8790-B0DBA0E4CC8F}"
EndProject
Project("{FAE04EC0-301F-11D3-BF4B-00C04F79EFBC}") = "Tyuiu.GornovTA.Sprint1.Task3.V19", "Tyuiu.GornovTA.Sprint1.Task3.V19\Tyuiu.GornovTA.Sprint1.Task3.V19.csproj", "{E2512745-7332-4970-A013-3A9E8E989E82}"
EndProject
Project("{FAE04EC0-301F-11D3-BF4B-00C04F79EFBC}") = "Tyuiu.GornovTA.Sprint1.Task3.V19.Lib", "Tyuiu.GornovTA.Sprint1.Task3.V19.Lib\Tyuiu.GornovTA.Sprint1.Task3.V19.Lib.csproj", "{53DC54E2-EAEB-47D2-9FB9-3F5CE5C8FCB4}"
EndProject
Project("{FAE04EC0-301F-11D3-BF4B-00C04F79EFBC}") = "Tyuiu.GornovTA.Sprint1.Task3.V19.Test", "Tyuiu.GornovTA.Sprint1.Task3.V19.Test\Tyuiu.GornovTA.Sprint1.Task3.V19.Test.csproj", "{63881B09-FC11-42F9-BD2A-AE2E0F28158A}"
EndProject
Project("{2150E333-8FDC-42A3-9474-1A3956D46DE8}") = "Task4", "Task4", "{330D55F3-7167-45D3-8B98-0359D92C7935}"
EndProject
Project("{FAE04EC0-301F-11D3-BF4B-00C04F79EFBC}") = "Tyuiu.GornovTA.Sprint1.Task4.V7", "Tyuiu.GornovTA.Sprint1.Task4.V7\Tyuiu.GornovTA.Sprint1.Task4.V7.csproj", "{4F110297-C4FD-4D60-B917-CB6300A9AC47}"
EndProject
Project("{FAE04EC0-301F-11D3-BF4B-00C04F79EFBC}") = "Tyuiu.GornovTA.Sprint1.Task4.V7.Test", "Tyuiu.GornovTA.Sprint1.Task4.V7.Test\Tyuiu.GornovTA.Sprint1.Task4.V7.Test.csproj", "{691D43CD-C938-423A-8ACE-B646E29440CA}"
EndProject
Project("{FAE04EC0-301F-11D3-BF4B-00C04F79EFBC}") = "Tyuiu.GornovTA.Sprint1.Task4.V7.Lib", "Tyuiu.GornovTA.Sprint1.Task4.V7.Lib\Tyuiu.GornovTA.Sprint1.Task4.V7.Lib.csproj", "{D8728F5A-3341-498A-BFEE-C764CE3BBCA3}"
EndProject
Project("{2150E333-8FDC-42A3-9474-1A3956D46DE8}") = "Task5", "Task5", "{8D6A95A6-3BF3-42F8-840B-99F87B4E801B}"
EndProject
Project("{FAE04EC0-301F-11D3-BF4B-00C04F79EFBC}") = "Tyuiu.GornovTA.Sprint1.Task5.V5", "Tyuiu.GornovTA.Sprint1.Task5.V5\Tyuiu.GornovTA.Sprint1.Task5.V5.csproj", "{063F17A0-CF43-46D8-A591-8BD23E58F7CB}"
EndProject
Project("{FAE04EC0-301F-11D3-BF4B-00C04F79EFBC}") = "Tyuiu.GornovTA.Sprint1.Task5.V5.Lib", "Tyuiu.GornovTA.Sprint1.Task5.V5.Lib\Tyuiu.GornovTA.Sprint1.Task5.V5.Lib.csproj", "{AD22ECC2-1D61-4207-A086-35F953835787}"
EndProject
Project("{FAE04EC0-301F-11D3-BF4B-00C04F79EFBC}") = "Tyuiu.GornovTA.Sprint1.Task5.V5.Test", "Tyuiu.GornovTA.Sprint1.Task5.V5.Test\Tyuiu.GornovTA.Sprint1.Task5.V5.Test.csproj", "{6120B01D-A950-4683-915D-FA6A5A7C4793}"
EndProject
Global
	GlobalSection(SolutionConfigurationPlatforms) = preSolution
		Debug|Any CPU = Debug|Any CPU
		Release|Any CPU = Release|Any CPU
	EndGlobalSection
	GlobalSection(ProjectConfigurationPlatforms) = postSolution
		{CBC6B2C8-6EDB-4CEB-97E9-B835279E700F}.Debug|Any CPU.ActiveCfg = Debug|Any CPU
		{CBC6B2C8-6EDB-4CEB-97E9-B835279E700F}.Debug|Any CPU.Build.0 = Debug|Any CPU
		{CBC6B2C8-6EDB-4CEB-97E9-B835279E700F}.Release|Any CPU.ActiveCfg = Release|Any CPU
		{CBC6B2C8-6EDB-4CEB-97E9-B835279E700F}.Release|Any CPU.Build.0 = Release|Any CPU
		{524F39DF-7832-42A2-82FC-1F7203357FC2}.Debug|Any CPU.ActiveCfg = Debug|Any CPU
		{524F39DF-7832-42A2-82FC-1F7203357FC2}.Debug|Any CPU.Build.0 = Debug|Any CPU
		{524F39DF-7832-42A2-82FC-1F7203357FC2}.Release|Any CPU.ActiveCfg = Release|Any CPU
		{524F39DF-7832-42A2-82FC-1F7203357FC2}.Release|Any CPU.Build.0 = Release|Any CPU
		{91AEE3E4-AAA6-480F-9791-6545B74EB8AC}.Debug|Any CPU.ActiveCfg = Debug|Any CPU
		{91AEE3E4-AAA6-480F-9791-6545B74EB8AC}.Debug|Any CPU.Build.0 = Debug|Any CPU
		{91AEE3E4-AAA6-480F-9791-6545B74EB8AC}.Release|Any CPU.ActiveCfg = Release|Any CPU
		{91AEE3E4-AAA6-480F-9791-6545B74EB8AC}.Release|Any CPU.Build.0 = Release|Any CPU
		{1D3C3F84-0863-4C48-AC30-602A7C9BD29D}.Debug|Any CPU.ActiveCfg = Debug|Any CPU
		{1D3C3F84-0863-4C48-AC30-602A7C9BD29D}.Debug|Any CPU.Build.0 = Debug|Any CPU
		{1D3C3F84-0863-4C48-AC30-602A7C9BD29D}.Release|Any CPU.ActiveCfg = Release|Any CPU
		{1D3C3F84-0863-4C48-AC30-602A7C9BD29D}.Release|Any CPU.Build.0 = Release|Any CPU
		{3CE52D44-04F0-48F2-A327-94D03E2569E1}.Debug|Any CPU.ActiveCfg = Debug|Any CPU
		{3CE52D44-04F0-48F2-A327-94D03E2569E1}.Debug|Any CPU.Build.0 = Debug|Any CPU
		{3CE52D44-04F0-48F2-A327-94D03E2569E1}.Release|Any CPU.ActiveCfg = Release|Any CPU
		{3CE52D44-04F0-48F2-A327-94D03E2569E1}.Release|Any CPU.Build.0 = Release|Any CPU
		{C8641225-4CA2-476A-8F38-24990EA5F562}.Debug|Any CPU.ActiveCfg = Debug|Any CPU
		{C8641225-4CA2-476A-8F38-24990EA5F562}.Debug|Any CPU.Build.0 = Debug|Any CPU
		{C8641225-4CA2-476A-8F38-24990EA5F562}.Release|Any CPU.ActiveCfg = Release|Any CPU
		{C8641225-4CA2-476A-8F38-24990EA5F562}.Release|Any CPU.Build.0 = Release|Any CPU
		{FE543786-1DA5-4D37-A5A8-5614F94BA020}.Debug|Any CPU.ActiveCfg = Debug|Any CPU
		{FE543786-1DA5-4D37-A5A8-5614F94BA020}.Debug|Any CPU.Build.0 = Debug|Any CPU
		{FE543786-1DA5-4D37-A5A8-5614F94BA020}.Release|Any CPU.ActiveCfg = Release|Any CPU
		{FE543786-1DA5-4D37-A5A8-5614F94BA020}.Release|Any CPU.Build.0 = Release|Any CPU
		{B11ADE7D-BD63-43A7-84D7-87FC5C155523}.Debug|Any CPU.ActiveCfg = Debug|Any CPU
		{B11ADE7D-BD63-43A7-84D7-87FC5C155523}.Debug|Any CPU.Build.0 = Debug|Any CPU
		{B11ADE7D-BD63-43A7-84D7-87FC5C155523}.Release|Any CPU.ActiveCfg = Release|Any CPU
		{B11ADE7D-BD63-43A7-84D7-87FC5C155523}.Release|Any CPU.Build.0 = Release|Any CPU
		{8C27F706-51B8-48C9-A60F-6A7544C6C3A6}.Debug|Any CPU.ActiveCfg = Debug|Any CPU
		{8C27F706-51B8-48C9-A60F-6A7544C6C3A6}.Debug|Any CPU.Build.0 = Debug|Any CPU
		{8C27F706-51B8-48C9-A60F-6A7544C6C3A6}.Release|Any CPU.ActiveCfg = Release|Any CPU
		{8C27F706-51B8-48C9-A60F-6A7544C6C3A6}.Release|Any CPU.Build.0 = Release|Any CPU
		{E2512745-7332-4970-A013-3A9E8E989E82}.Debug|Any CPU.ActiveCfg = Debug|Any CPU
		{E2512745-7332-4970-A013-3A9E8E989E82}.Debug|Any CPU.Build.0 = Debug|Any CPU
		{E2512745-7332-4970-A013-3A9E8E989E82}.Release|Any CPU.ActiveCfg = Release|Any CPU
		{E2512745-7332-4970-A013-3A9E8E989E82}.Release|Any CPU.Build.0 = Release|Any CPU
		{53DC54E2-EAEB-47D2-9FB9-3F5CE5C8FCB4}.Debug|Any CPU.ActiveCfg = Debug|Any CPU
		{53DC54E2-EAEB-47D2-9FB9-3F5CE5C8FCB4}.Debug|Any CPU.Build.0 = Debug|Any CPU
		{53DC54E2-EAEB-47D2-9FB9-3F5CE5C8FCB4}.Release|Any CPU.ActiveCfg = Release|Any CPU
		{53DC54E2-EAEB-47D2-9FB9-3F5CE5C8FCB4}.Release|Any CPU.Build.0 = Release|Any CPU
		{63881B09-FC11-42F9-BD2A-AE2E0F28158A}.Debug|Any CPU.ActiveCfg = Debug|Any CPU
		{63881B09-FC11-42F9-BD2A-AE2E0F28158A}.Debug|Any CPU.Build.0 = Debug|Any CPU
		{63881B09-FC11-42F9-BD2A-AE2E0F28158A}.Release|Any CPU.ActiveCfg = Release|Any CPU
		{63881B09-FC11-42F9-BD2A-AE2E0F28158A}.Release|Any CPU.Build.0 = Release|Any CPU
		{4F110297-C4FD-4D60-B917-CB6300A9AC47}.Debug|Any CPU.ActiveCfg = Debug|Any CPU
		{4F110297-C4FD-4D60-B917-CB6300A9AC47}.Debug|Any CPU.Build.0 = Debug|Any CPU
		{4F110297-C4FD-4D60-B917-CB6300A9AC47}.Release|Any CPU.ActiveCfg = Release|Any CPU
		{4F110297-C4FD-4D60-B917-CB6300A9AC47}.Release|Any CPU.Build.0 = Release|Any CPU
		{691D43CD-C938-423A-8ACE-B646E29440CA}.Debug|Any CPU.ActiveCfg = Debug|Any CPU
		{691D43CD-C938-423A-8ACE-B646E29440CA}.Debug|Any CPU.Build.0 = Debug|Any CPU
		{691D43CD-C938-423A-8ACE-B646E29440CA}.Release|Any CPU.ActiveCfg = Release|Any CPU
		{691D43CD-C938-423A-8ACE-B646E29440CA}.Release|Any CPU.Build.0 = Release|Any CPU
		{D8728F5A-3341-498A-BFEE-C764CE3BBCA3}.Debug|Any CPU.ActiveCfg = Debug|Any CPU
		{D8728F5A-3341-498A-BFEE-C764CE3BBCA3}.Debug|Any CPU.Build.0 = Debug|Any CPU
		{D8728F5A-3341-498A-BFEE-C764CE3BBCA3}.Release|Any CPU.ActiveCfg = Release|Any CPU
		{D8728F5A-3341-498A-BFEE-C764CE3BBCA3}.Release|Any CPU.Build.0 = Release|Any CPU
		{063F17A0-CF43-46D8-A591-8BD23E58F7CB}.Debug|Any CPU.ActiveCfg = Debug|Any CPU
		{063F17A0-CF43-46D8-A591-8BD23E58F7CB}.Debug|Any CPU.Build.0 = Debug|Any CPU
		{063F17A0-CF43-46D8-A591-8BD23E58F7CB}.Release|Any CPU.ActiveCfg = Release|Any CPU
		{063F17A0-CF43-46D8-A591-8BD23E58F7CB}.Release|Any CPU.Build.0 = Release|Any CPU
		{AD22ECC2-1D61-4207-A086-35F953835787}.Debug|Any CPU.ActiveCfg = Debug|Any CPU
		{AD22ECC2-1D61-4207-A086-35F953835787}.Debug|Any CPU.Build.0 = Debug|Any CPU
		{AD22ECC2-1D61-4207-A086-35F953835787}.Release|Any CPU.ActiveCfg = Release|Any CPU
		{AD22ECC2-1D61-4207-A086-35F953835787}.Release|Any CPU.Build.0 = Release|Any CPU
		{6120B01D-A950-4683-915D-FA6A5A7C4793}.Debug|Any CPU.ActiveCfg = Debug|Any CPU
		{6120B01D-A950-4683-915D-FA6A5A7C4793}.Debug|Any CPU.Build.0 = Debug|Any CPU
		{6120B01D-A950-4683-915D-FA6A5A7C4793}.Release|Any CPU.ActiveCfg = Release|Any CPU
		{6120B01D-A950-4683-915D-FA6A5A7C4793}.Release|Any CPU.Build.0 = Release|Any CPU
	EndGlobalSection
	GlobalSection(SolutionProperties) = preSolution
		HideSolutionNode = FALSE
	EndGlobalSection
	GlobalSection(NestedProjects) = preSolution
		{CBC6B2C8-6EDB-4CEB-97E9-B835279E700F} = {314E7CF4-CAB9-4DA6-9BEF-CEFF42DAB323}
		{524F39DF-7832-42A2-82FC-1F7203357FC2} = {314E7CF4-CAB9-4DA6-9BEF-CEFF42DAB323}
		{91AEE3E4-AAA6-480F-9791-6545B74EB8AC} = {314E7CF4-CAB9-4DA6-9BEF-CEFF42DAB323}
		{1D3C3F84-0863-4C48-AC30-602A7C9BD29D} = {CF643320-9AFE-4A10-AC89-E43711993326}
		{3CE52D44-04F0-48F2-A327-94D03E2569E1} = {CF643320-9AFE-4A10-AC89-E43711993326}
		{C8641225-4CA2-476A-8F38-24990EA5F562} = {CF643320-9AFE-4A10-AC89-E43711993326}
		{FE543786-1DA5-4D37-A5A8-5614F94BA020} = {D01C86DD-36CC-44B1-9D57-26D02DF73727}
		{B11ADE7D-BD63-43A7-84D7-87FC5C155523} = {D01C86DD-36CC-44B1-9D57-26D02DF73727}
		{8C27F706-51B8-48C9-A60F-6A7544C6C3A6} = {D01C86DD-36CC-44B1-9D57-26D02DF73727}
		{E2512745-7332-4970-A013-3A9E8E989E82} = {E2B6F25E-0E67-447F-8790-B0DBA0E4CC8F}
		{53DC54E2-EAEB-47D2-9FB9-3F5CE5C8FCB4} = {E2B6F25E-0E67-447F-8790-B0DBA0E4CC8F}
		{63881B09-FC11-42F9-BD2A-AE2E0F28158A} = {E2B6F25E-0E67-447F-8790-B0DBA0E4CC8F}
		{4F110297-C4FD-4D60-B917-CB6300A9AC47} = {330D55F3-7167-45D3-8B98-0359D92C7935}
		{691D43CD-C938-423A-8ACE-B646E29440CA} = {330D55F3-7167-45D3-8B98-0359D92C7935}
		{D8728F5A-3341-498A-BFEE-C764CE3BBCA3} = {330D55F3-7167-45D3-8B98-0359D92C7935}
		{063F17A0-CF43-46D8-A591-8BD23E58F7CB} = {8D6A95A6-3BF3-42F8-840B-99F87B4E801B}
		{AD22ECC2-1D61-4207-A086-35F953835787} = {8D6A95A6-3BF3-42F8-840B-99F87B4E801B}
		{6120B01D-A950-4683-915D-FA6A5A7C4793} = {8D6A95A6-3BF3-42F8-840B-99F87B4E801B}
	EndGlobalSection
	GlobalSection(ExtensibilityGlobals) = postSolution
		SolutionGuid = {FF444969-C2AF-4008-9318-AC7EEBE8438E}
	EndGlobalSection
EndGlobal
