
Microsoft Visual Studio Solution File, Format Version 12.00
# Visual Studio Version 16
VisualStudioVersion = 16.0.33927.289
MinimumVisualStudioVersion = 10.0.40219.1
Project("{2150E333-8FDC-42A3-9474-1A3956D46DE8}") = "Task0", "Task0", "{314E7CF4-CAB9-4DA6-9BEF-CEFF42DAB323}"
EndProject
Project("{FAE04EC0-301F-11D3-BF4B-00C04F79EFBC}") = "Tyuiu.GornovTA.Sprint1.Task0.V8", "Tyuiu.GornovTA.Sprint1.Task0.V0\Tyuiu.GornovTA.Sprint1.Task0.V8.csproj", "{CBC6B2C8-6EDB-4CEB-97E9-B835279E700F}"
EndProject
Project("{FAE04EC0-301F-11D3-BF4B-00C04F79EFBC}") = "Tyuiu.GornovTA.Sprint1.Task0.V8.Lib", "Tyuiu.GornovTA.Sprint1.Task0.V0.Lib\Tyuiu.GornovTA.Sprint1.Task0.V8.Lib.csproj", "{524F39DF-7832-42A2-82FC-1F7203357FC2}"
EndProject
Project("{FAE04EC0-301F-11D3-BF4B-00C04F79EFBC}") = "Tyuiu.GornovTA.Sprint1.Task0.V8.Test", "Tyuiu.GornovTA.Sprint1.Task0.V0.Test\Tyuiu.GornovTA.Sprint1.Task0.V8.Test.csproj", "{91AEE3E4-AAA6-480F-9791-6545B74EB8AC}"
EndProject
Project("{2150E333-8FDC-42A3-9474-1A3956D46DE8}") = "Task1", "Task1", "{CF643320-9AFE-4A10-AC89-E43711993326}"
EndProject
Project("{FAE04EC0-301F-11D3-BF4B-00C04F79EFBC}") = "Tyuiu.GornovTA.Sprint1.Task1.V17", "Tyuiu.GornovTA.Sprint1.Task1.V17\Tyuiu.GornovTA.Sprint1.Task1.V17.csproj", "{1D3C3F84-0863-4C48-AC30-602A7C9BD29D}"
EndProject
Project("{FAE04EC0-301F-11D3-BF4B-00C04F79EFBC}") = "Tyuiu.GornovTA.Sprint1.Task1.V17.Test", "Tyuiu.GornovTA.Sprint1.Task1.V17.Test\Tyuiu.GornovTA.Sprint1.Task1.V17.Test.csproj", "{3CE52D44-04F0-48F2-A327-94D03E2569E1}"
EndProject
Project("{FAE04EC0-301F-11D3-BF4B-00C04F79EFBC}") = "Tyuiu.GornovTA.Sprint1.Task1.V17.Lib", "Tyuiu.GornovTA.Sprint1.Task1.V17.Lib\Tyuiu.GornovTA.Sprint1.Task1.V17.Lib.csproj", "{C8641225-4CA2-476A-8F38-24990EA5F562}"
EndProject
Project("{2150E333-8FDC-42A3-9474-1A3956D46DE8}") = "Task2", "Task2", "{C43329EB-6DFB-48D8-800F-330E7C80736C}"
EndProject
Project("{FAE04EC0-301F-11D3-BF4B-00C04F79EFBC}") = "Tyuiu.GornovTA.Sprint1.Task2.V16", "Tyuiu.GornovTA.Sprint1.Task2.V16\Tyuiu.GornovTA.Sprint1.Task2.V16.csproj", "{04629057-9AA5-4E5C-AAC8-ED72370ABEE9}"
EndProject
Project("{FAE04EC0-301F-11D3-BF4B-00C04F79EFBC}") = "Tyuiu.GornovTA.Sprint1.Task2.V16.Lib", "Tyuiu.GornovTA.Sprint1.Task2.V16.Lib\Tyuiu.GornovTA.Sprint1.Task2.V16.Lib.csproj", "{73524EBF-2DD3-4D89-B688-3F3555C7AD30}"
EndProject
Project("{FAE04EC0-301F-11D3-BF4B-00C04F79EFBC}") = "Tyuiu.GornovTA.Sprint1.Task2.V16.Test", "Tyuiu.GornovTA.Sprint1.Task2.V16.Test\Tyuiu.GornovTA.Sprint1.Task2.V16.Test.csproj", "{FD105A6C-0979-4127-B702-A7B3040F76B9}"
EndProject
Global
	GlobalSection(SolutionConfigurationPlatforms) = preSolution
		Debug|Any CPU = Debug|Any CPU
		Release|Any CPU = Release|Any CPU
	EndGlobalSection
	GlobalSection(ProjectConfigurationPlatforms) = postSolution
		{CBC6B2C8-6EDB-4CEB-97E9-B835279E700F}.Debug|Any CPU.ActiveCfg = Debug|Any CPU
		{CBC6B2C8-6EDB-4CEB-97E9-B835279E700F}.Debug|Any CPU.Build.0 = Debug|Any CPU
		{CBC6B2C8-6EDB-4CEB-97E9-B835279E700F}.Release|Any CPU.ActiveCfg = Release|Any CPU
		{CBC6B2C8-6EDB-4CEB-97E9-B835279E700F}.Release|Any CPU.Build.0 = Release|Any CPU
		{524F39DF-7832-42A2-82FC-1F7203357FC2}.Debug|Any CPU.ActiveCfg = Debug|Any CPU
		{524F39DF-7832-42A2-82FC-1F7203357FC2}.Debug|Any CPU.Build.0 = Debug|Any CPU
		{524F39DF-7832-42A2-82FC-1F7203357FC2}.Release|Any CPU.ActiveCfg = Release|Any CPU
		{524F39DF-7832-42A2-82FC-1F7203357FC2}.Release|Any CPU.Build.0 = Release|Any CPU
		{91AEE3E4-AAA6-480F-9791-6545B74EB8AC}.Debug|Any CPU.ActiveCfg = Debug|Any CPU
		{91AEE3E4-AAA6-480F-9791-6545B74EB8AC}.Debug|Any CPU.Build.0 = Debug|Any CPU
		{91AEE3E4-AAA6-480F-9791-6545B74EB8AC}.Release|Any CPU.ActiveCfg = Release|Any CPU
		{91AEE3E4-AAA6-480F-9791-6545B74EB8AC}.Release|Any CPU.Build.0 = Release|Any CPU
		{1D3C3F84-0863-4C48-AC30-602A7C9BD29D}.Debug|Any CPU.ActiveCfg = Debug|Any CPU
		{1D3C3F84-0863-4C48-AC30-602A7C9BD29D}.Debug|Any CPU.Build.0 = Debug|Any CPU
		{1D3C3F84-0863-4C48-AC30-602A7C9BD29D}.Release|Any CPU.ActiveCfg = Release|Any CPU
		{1D3C3F84-0863-4C48-AC30-602A7C9BD29D}.Release|Any CPU.Build.0 = Release|Any CPU
		{3CE52D44-04F0-48F2-A327-94D03E2569E1}.Debug|Any CPU.ActiveCfg = Debug|Any CPU
		{3CE52D44-04F0-48F2-A327-94D03E2569E1}.Debug|Any CPU.Build.0 = Debug|Any CPU
		{3CE52D44-04F0-48F2-A327-94D03E2569E1}.Release|Any CPU.ActiveCfg = Release|Any CPU
		{3CE52D44-04F0-48F2-A327-94D03E2569E1}.Release|Any CPU.Build.0 = Release|Any CPU
		{C8641225-4CA2-476A-8F38-24990EA5F562}.Debug|Any CPU.ActiveCfg = Debug|Any CPU
		{C8641225-4CA2-476A-8F38-24990EA5F562}.Debug|Any CPU.Build.0 = Debug|Any CPU
		{C8641225-4CA2-476A-8F38-24990EA5F562}.Release|Any CPU.ActiveCfg = Release|Any CPU
		{C8641225-4CA2-476A-8F38-24990EA5F562}.Release|Any CPU.Build.0 = Release|Any CPU
		{04629057-9AA5-4E5C-AAC8-ED72370ABEE9}.Debug|Any CPU.ActiveCfg = Debug|Any CPU
		{04629057-9AA5-4E5C-AAC8-ED72370ABEE9}.Debug|Any CPU.Build.0 = Debug|Any CPU
		{04629057-9AA5-4E5C-AAC8-ED72370ABEE9}.Release|Any CPU.ActiveCfg = Release|Any CPU
		{04629057-9AA5-4E5C-AAC8-ED72370ABEE9}.Release|Any CPU.Build.0 = Release|Any CPU
		{73524EBF-2DD3-4D89-B688-3F3555C7AD30}.Debug|Any CPU.ActiveCfg = Debug|Any CPU
		{73524EBF-2DD3-4D89-B688-3F3555C7AD30}.Debug|Any CPU.Build.0 = Debug|Any CPU
		{73524EBF-2DD3-4D89-B688-3F3555C7AD30}.Release|Any CPU.ActiveCfg = Release|Any CPU
		{73524EBF-2DD3-4D89-B688-3F3555C7AD30}.Release|Any CPU.Build.0 = Release|Any CPU
		{FD105A6C-0979-4127-B702-A7B3040F76B9}.Debug|Any CPU.ActiveCfg = Debug|Any CPU
		{FD105A6C-0979-4127-B702-A7B3040F76B9}.Debug|Any CPU.Build.0 = Debug|Any CPU
		{FD105A6C-0979-4127-B702-A7B3040F76B9}.Release|Any CPU.ActiveCfg = Release|Any CPU
		{FD105A6C-0979-4127-B702-A7B3040F76B9}.Release|Any CPU.Build.0 = Release|Any CPU
	EndGlobalSection
	GlobalSection(SolutionProperties) = preSolution
		HideSolutionNode = FALSE
	EndGlobalSection
	GlobalSection(NestedProjects) = preSolution
		{CBC6B2C8-6EDB-4CEB-97E9-B835279E700F} = {314E7CF4-CAB9-4DA6-9BEF-CEFF42DAB323}
		{524F39DF-7832-42A2-82FC-1F7203357FC2} = {314E7CF4-CAB9-4DA6-9BEF-CEFF42DAB323}
		{91AEE3E4-AAA6-480F-9791-6545B74EB8AC} = {314E7CF4-CAB9-4DA6-9BEF-CEFF42DAB323}
		{1D3C3F84-0863-4C48-AC30-602A7C9BD29D} = {CF643320-9AFE-4A10-AC89-E43711993326}
		{3CE52D44-04F0-48F2-A327-94D03E2569E1} = {CF643320-9AFE-4A10-AC89-E43711993326}
		{C8641225-4CA2-476A-8F38-24990EA5F562} = {CF643320-9AFE-4A10-AC89-E43711993326}
		{04629057-9AA5-4E5C-AAC8-ED72370ABEE9} = {C43329EB-6DFB-48D8-800F-330E7C80736C}
		{73524EBF-2DD3-4D89-B688-3F3555C7AD30} = {C43329EB-6DFB-48D8-800F-330E7C80736C}
		{FD105A6C-0979-4127-B702-A7B3040F76B9} = {C43329EB-6DFB-48D8-800F-330E7C80736C}
	EndGlobalSection
	GlobalSection(ExtensibilityGlobals) = postSolution
		SolutionGuid = {FF444969-C2AF-4008-9318-AC7EEBE8438E}
	EndGlobalSection
EndGlobal
